
Microsoft Visual Studio Solution File, Format Version 12.00
# Visual Studio Version 17
VisualStudioVersion = 17.0.31423.177
MinimumVisualStudioVersion = 10.0.40219.1
Project("{9A19103F-16F7-4668-BE54-9A1E7A4F7556}") = "StandardCLI", "DemoCLI\StandardCLI.csproj", "{B3DD45DD-0595-4CCE-AD77-47C5A4D57698}"
EndProject
Project("{9A19103F-16F7-4668-BE54-9A1E7A4F7556}") = "DragonFruitCLI", "DemoCLIDragonFruit\DragonFruitCLI.csproj", "{70CF82C0-331F-4FFF-8A27-88DBC83D9F05}"
EndProject
Project("{9A19103F-16F7-4668-BE54-9A1E7A4F7556}") = "ASPNETCoreWithCLI", "ASPNETCoreWithCLI\ASPNETCoreWithCLI.csproj", "{782A66D4-4811-4E2C-ACC9-5D1F9658E76D}"
EndProject
Project("{9A19103F-16F7-4668-BE54-9A1E7A4F7556}") = "Emulator", "Emulator\Emulator.csproj", "{0C44470D-187B-4ABE-96F4-4C73F82320F5}"
EndProject
Project("{2150E333-8FDC-42A3-9474-1A3956D46DE8}") = "Libraries", "Libraries", "{87254832-9AFF-4901-A04C-C042AF1B43BF}"
EndProject
Project("{2150E333-8FDC-42A3-9474-1A3956D46DE8}") = "CLIs", "CLIs", "{20D11EDA-CFA5-4CB0-AF6F-324948A921D9}"
EndProject
Project("{9A19103F-16F7-4668-BE54-9A1E7A4F7556}") = "AdvancedCLI", "DemoCLIAdvanced\AdvancedCLI.csproj", "{1804A0E4-840A-4B07-B338-57D223317406}"
EndProject
Project("{FAE04EC0-301F-11D3-BF4B-00C04F79EFBC}") = "DemoCLIAdvanced.Tests", "DemoCLIAdvanced.Tests\DemoCLIAdvanced.Tests.csproj", "{4075319E-48F6-48B2-BC91-A6BD39510B4E}"
EndProject
Global
	GlobalSection(SolutionConfigurationPlatforms) = preSolution
		Debug|Any CPU = Debug|Any CPU
		Release|Any CPU = Release|Any CPU
	EndGlobalSection
	GlobalSection(ProjectConfigurationPlatforms) = postSolution
		{B3DD45DD-0595-4CCE-AD77-47C5A4D57698}.Debug|Any CPU.ActiveCfg = Debug|Any CPU
		{B3DD45DD-0595-4CCE-AD77-47C5A4D57698}.Debug|Any CPU.Build.0 = Debug|Any CPU
		{B3DD45DD-0595-4CCE-AD77-47C5A4D57698}.Release|Any CPU.ActiveCfg = Release|Any CPU
		{B3DD45DD-0595-4CCE-AD77-47C5A4D57698}.Release|Any CPU.Build.0 = Release|Any CPU
		{70CF82C0-331F-4FFF-8A27-88DBC83D9F05}.Debug|Any CPU.ActiveCfg = Debug|Any CPU
		{70CF82C0-331F-4FFF-8A27-88DBC83D9F05}.Debug|Any CPU.Build.0 = Debug|Any CPU
		{70CF82C0-331F-4FFF-8A27-88DBC83D9F05}.Release|Any CPU.ActiveCfg = Release|Any CPU
		{70CF82C0-331F-4FFF-8A27-88DBC83D9F05}.Release|Any CPU.Build.0 = Release|Any CPU
		{782A66D4-4811-4E2C-ACC9-5D1F9658E76D}.Debug|Any CPU.ActiveCfg = Debug|Any CPU
		{782A66D4-4811-4E2C-ACC9-5D1F9658E76D}.Debug|Any CPU.Build.0 = Debug|Any CPU
		{782A66D4-4811-4E2C-ACC9-5D1F9658E76D}.Release|Any CPU.ActiveCfg = Release|Any CPU
		{782A66D4-4811-4E2C-ACC9-5D1F9658E76D}.Release|Any CPU.Build.0 = Release|Any CPU
		{0C44470D-187B-4ABE-96F4-4C73F82320F5}.Debug|Any CPU.ActiveCfg = Debug|Any CPU
		{0C44470D-187B-4ABE-96F4-4C73F82320F5}.Debug|Any CPU.Build.0 = Debug|Any CPU
		{0C44470D-187B-4ABE-96F4-4C73F82320F5}.Release|Any CPU.ActiveCfg = Release|Any CPU
		{0C44470D-187B-4ABE-96F4-4C73F82320F5}.Release|Any CPU.Build.0 = Release|Any CPU
		{1804A0E4-840A-4B07-B338-57D223317406}.Debug|Any CPU.ActiveCfg = Debug|Any CPU
		{1804A0E4-840A-4B07-B338-57D223317406}.Debug|Any CPU.Build.0 = Debug|Any CPU
		{1804A0E4-840A-4B07-B338-57D223317406}.Release|Any CPU.ActiveCfg = Release|Any CPU
		{1804A0E4-840A-4B07-B338-57D223317406}.Release|Any CPU.Build.0 = Release|Any CPU
		{4075319E-48F6-48B2-BC91-A6BD39510B4E}.Debug|Any CPU.ActiveCfg = Debug|Any CPU
		{4075319E-48F6-48B2-BC91-A6BD39510B4E}.Debug|Any CPU.Build.0 = Debug|Any CPU
		{4075319E-48F6-48B2-BC91-A6BD39510B4E}.Release|Any CPU.ActiveCfg = Release|Any CPU
		{4075319E-48F6-48B2-BC91-A6BD39510B4E}.Release|Any CPU.Build.0 = Release|Any CPU
	EndGlobalSection
	GlobalSection(SolutionProperties) = preSolution
		HideSolutionNode = FALSE
	EndGlobalSection
	GlobalSection(NestedProjects) = preSolution
		{B3DD45DD-0595-4CCE-AD77-47C5A4D57698} = {20D11EDA-CFA5-4CB0-AF6F-324948A921D9}
		{70CF82C0-331F-4FFF-8A27-88DBC83D9F05} = {20D11EDA-CFA5-4CB0-AF6F-324948A921D9}
		{0C44470D-187B-4ABE-96F4-4C73F82320F5} = {87254832-9AFF-4901-A04C-C042AF1B43BF}
		{1804A0E4-840A-4B07-B338-57D223317406} = {20D11EDA-CFA5-4CB0-AF6F-324948A921D9}
	EndGlobalSection
	GlobalSection(ExtensibilityGlobals) = postSolution
		SolutionGuid = {E1191051-79F2-46A1-A249-9BE910E0DF2E}
	EndGlobalSection
EndGlobal
